// !$*UTF8*$!
{
	archiveVersion = 1;
	classes = {
	};
	objectVersion = 46;
	objects = {

/* Begin PBXBuildFile section */
		AD538626186E4E4F00BC5972 /* ELLIOKitNodeInfo.m in Sources */ = {isa = PBXBuildFile; fileRef = AD538625186E4E4F00BC5972 /* ELLIOKitNodeInfo.m */; };
		AD7E3E93186BBBBB00E47119 /* Foundation.framework in Frameworks */ = {isa = PBXBuildFile; fileRef = AD7E3E92186BBBBB00E47119 /* Foundation.framework */; };
		AD7E3E95186BBBBB00E47119 /* CoreGraphics.framework in Frameworks */ = {isa = PBXBuildFile; fileRef = AD7E3E94186BBBBB00E47119 /* CoreGraphics.framework */; };
		AD7E3E97186BBBBB00E47119 /* UIKit.framework in Frameworks */ = {isa = PBXBuildFile; fileRef = AD7E3E96186BBBBB00E47119 /* UIKit.framework */; };
		AD7E3E9D186BBBBB00E47119 /* InfoPlist.strings in Resources */ = {isa = PBXBuildFile; fileRef = AD7E3E9B186BBBBB00E47119 /* InfoPlist.strings */; };
		AD7E3E9F186BBBBB00E47119 /* main.m in Sources */ = {isa = PBXBuildFile; fileRef = AD7E3E9E186BBBBB00E47119 /* main.m */; };
		AD7E3EA3186BBBBB00E47119 /* ELLAppDelegate.m in Sources */ = {isa = PBXBuildFile; fileRef = AD7E3EA2186BBBBB00E47119 /* ELLAppDelegate.m */; };
		AD7E3EA6186BBBBB00E47119 /* Main_iPhone.storyboard in Resources */ = {isa = PBXBuildFile; fileRef = AD7E3EA4186BBBBB00E47119 /* Main_iPhone.storyboard */; };
		AD7E3EA9186BBBBB00E47119 /* Main_iPad.storyboard in Resources */ = {isa = PBXBuildFile; fileRef = AD7E3EA7186BBBBB00E47119 /* Main_iPad.storyboard */; };
		AD7E3EAC186BBBBB00E47119 /* ELLViewController.m in Sources */ = {isa = PBXBuildFile; fileRef = AD7E3EAB186BBBBB00E47119 /* ELLViewController.m */; };
		AD7E3EAE186BBBBB00E47119 /* Images.xcassets in Resources */ = {isa = PBXBuildFile; fileRef = AD7E3EAD186BBBBB00E47119 /* Images.xcassets */; };
		AD7E3EB5186BBBBB00E47119 /* XCTest.framework in Frameworks */ = {isa = PBXBuildFile; fileRef = AD7E3EB4186BBBBB00E47119 /* XCTest.framework */; };
		AD7E3EB6186BBBBB00E47119 /* Foundation.framework in Frameworks */ = {isa = PBXBuildFile; fileRef = AD7E3E92186BBBBB00E47119 /* Foundation.framework */; };
		AD7E3EB7186BBBBB00E47119 /* UIKit.framework in Frameworks */ = {isa = PBXBuildFile; fileRef = AD7E3E96186BBBBB00E47119 /* UIKit.framework */; };
		AD7E3EBF186BBBBB00E47119 /* InfoPlist.strings in Resources */ = {isa = PBXBuildFile; fileRef = AD7E3EBD186BBBBB00E47119 /* InfoPlist.strings */; };
		AD7E3EC1186BBBBB00E47119 /* IOKitTestTests.m in Sources */ = {isa = PBXBuildFile; fileRef = AD7E3EC0186BBBBB00E47119 /* IOKitTestTests.m */; };
		AD7E3ED0186BBDCA00E47119 /* IOKit.framework in Frameworks */ = {isa = PBXBuildFile; fileRef = AD7E3ECF186BBDCA00E47119 /* IOKit.framework */; };
		ADDA110718A8D511002E84F9 /* ELLIOKitDumper.m in Sources */ = {isa = PBXBuildFile; fileRef = ADDA110618A8D511002E84F9 /* ELLIOKitDumper.m */; };
/* End PBXBuildFile section */

/* Begin PBXContainerItemProxy section */
		AD7E3EB8186BBBBB00E47119 /* PBXContainerItemProxy */ = {
			isa = PBXContainerItemProxy;
			containerPortal = AD7E3E87186BBBBB00E47119 /* Project object */;
			proxyType = 1;
			remoteGlobalIDString = AD7E3E8E186BBBBB00E47119;
			remoteInfo = IOKitTest;
		};
/* End PBXContainerItemProxy section */

/* Begin PBXFileReference section */
		AD538624186E4E4F00BC5972 /* ELLIOKitNodeInfo.h */ = {isa = PBXFileReference; fileEncoding = 4; lastKnownFileType = sourcecode.c.h; path = ELLIOKitNodeInfo.h; sourceTree = "<group>"; };
		AD538625186E4E4F00BC5972 /* ELLIOKitNodeInfo.m */ = {isa = PBXFileReference; fileEncoding = 4; lastKnownFileType = sourcecode.c.objc; path = ELLIOKitNodeInfo.m; sourceTree = "<group>"; };
		AD7E3E8F186BBBBB00E47119 /* IOKitBrowser.app */ = {isa = PBXFileReference; explicitFileType = wrapper.application; includeInIndex = 0; path = IOKitBrowser.app; sourceTree = BUILT_PRODUCTS_DIR; };
		AD7E3E92186BBBBB00E47119 /* Foundation.framework */ = {isa = PBXFileReference; lastKnownFileType = wrapper.framework; name = Foundation.framework; path = System/Library/Frameworks/Foundation.framework; sourceTree = SDKROOT; };
		AD7E3E94186BBBBB00E47119 /* CoreGraphics.framework */ = {isa = PBXFileReference; lastKnownFileType = wrapper.framework; name = CoreGraphics.framework; path = System/Library/Frameworks/CoreGraphics.framework; sourceTree = SDKROOT; };
		AD7E3E96186BBBBB00E47119 /* UIKit.framework */ = {isa = PBXFileReference; lastKnownFileType = wrapper.framework; name = UIKit.framework; path = System/Library/Frameworks/UIKit.framework; sourceTree = SDKROOT; };
		AD7E3E9A186BBBBB00E47119 /* IOKitBrowser-Info.plist */ = {isa = PBXFileReference; lastKnownFileType = text.plist.xml; path = "IOKitBrowser-Info.plist"; sourceTree = "<group>"; };
		AD7E3E9C186BBBBB00E47119 /* en */ = {isa = PBXFileReference; lastKnownFileType = text.plist.strings; name = en; path = en.lproj/InfoPlist.strings; sourceTree = "<group>"; };
		AD7E3E9E186BBBBB00E47119 /* main.m */ = {isa = PBXFileReference; lastKnownFileType = sourcecode.c.objc; path = main.m; sourceTree = "<group>"; };
		AD7E3EA0186BBBBB00E47119 /* IOKitBrowser-Prefix.pch */ = {isa = PBXFileReference; lastKnownFileType = sourcecode.c.h; path = "IOKitBrowser-Prefix.pch"; sourceTree = "<group>"; };
		AD7E3EA1186BBBBB00E47119 /* ELLAppDelegate.h */ = {isa = PBXFileReference; lastKnownFileType = sourcecode.c.h; path = ELLAppDelegate.h; sourceTree = "<group>"; };
		AD7E3EA2186BBBBB00E47119 /* ELLAppDelegate.m */ = {isa = PBXFileReference; lastKnownFileType = sourcecode.c.objc; path = ELLAppDelegate.m; sourceTree = "<group>"; };
		AD7E3EA5186BBBBB00E47119 /* Base */ = {isa = PBXFileReference; lastKnownFileType = file.storyboard; name = Base; path = Base.lproj/Main_iPhone.storyboard; sourceTree = "<group>"; };
		AD7E3EA8186BBBBB00E47119 /* Base */ = {isa = PBXFileReference; lastKnownFileType = file.storyboard; name = Base; path = Base.lproj/Main_iPad.storyboard; sourceTree = "<group>"; };
		AD7E3EAA186BBBBB00E47119 /* ELLViewController.h */ = {isa = PBXFileReference; lastKnownFileType = sourcecode.c.h; path = ELLViewController.h; sourceTree = "<group>"; };
		AD7E3EAB186BBBBB00E47119 /* ELLViewController.m */ = {isa = PBXFileReference; lastKnownFileType = sourcecode.c.objc; path = ELLViewController.m; sourceTree = "<group>"; };
		AD7E3EAD186BBBBB00E47119 /* Images.xcassets */ = {isa = PBXFileReference; lastKnownFileType = folder.assetcatalog; path = Images.xcassets; sourceTree = "<group>"; };
		AD7E3EB3186BBBBB00E47119 /* IOKitBrowserTests.xctest */ = {isa = PBXFileReference; explicitFileType = wrapper.cfbundle; includeInIndex = 0; path = IOKitBrowserTests.xctest; sourceTree = BUILT_PRODUCTS_DIR; };
		AD7E3EB4186BBBBB00E47119 /* XCTest.framework */ = {isa = PBXFileReference; lastKnownFileType = wrapper.framework; name = XCTest.framework; path = Library/Frameworks/XCTest.framework; sourceTree = DEVELOPER_DIR; };
		AD7E3EBC186BBBBB00E47119 /* IOKitBrowserTests-Info.plist */ = {isa = PBXFileReference; lastKnownFileType = text.plist.xml; path = "IOKitBrowserTests-Info.plist"; sourceTree = "<group>"; };
		AD7E3EBE186BBBBB00E47119 /* en */ = {isa = PBXFileReference; lastKnownFileType = text.plist.strings; name = en; path = en.lproj/InfoPlist.strings; sourceTree = "<group>"; };
		AD7E3EC0186BBBBB00E47119 /* IOKitTestTests.m */ = {isa = PBXFileReference; lastKnownFileType = sourcecode.c.objc; path = IOKitTestTests.m; sourceTree = "<group>"; };
		AD7E3ECF186BBDCA00E47119 /* IOKit.framework */ = {isa = PBXFileReference; lastKnownFileType = wrapper.framework; name = IOKit.framework; path = System/Library/Frameworks/IOKit.framework; sourceTree = SDKROOT; };
		ADDA110518A8D511002E84F9 /* ELLIOKitDumper.h */ = {isa = PBXFileReference; fileEncoding = 4; lastKnownFileType = sourcecode.c.h; path = ELLIOKitDumper.h; sourceTree = "<group>"; };
		ADDA110618A8D511002E84F9 /* ELLIOKitDumper.m */ = {isa = PBXFileReference; fileEncoding = 4; lastKnownFileType = sourcecode.c.objc; path = ELLIOKitDumper.m; sourceTree = "<group>"; };
/* End PBXFileReference section */

/* Begin PBXFrameworksBuildPhase section */
		AD7E3E8C186BBBBB00E47119 /* Frameworks */ = {
			isa = PBXFrameworksBuildPhase;
			buildActionMask = 2147483647;
			files = (
				AD7E3ED0186BBDCA00E47119 /* IOKit.framework in Frameworks */,
				AD7E3E95186BBBBB00E47119 /* CoreGraphics.framework in Frameworks */,
				AD7E3E97186BBBBB00E47119 /* UIKit.framework in Frameworks */,
				AD7E3E93186BBBBB00E47119 /* Foundation.framework in Frameworks */,
			);
			runOnlyForDeploymentPostprocessing = 0;
		};
		AD7E3EB0186BBBBB00E47119 /* Frameworks */ = {
			isa = PBXFrameworksBuildPhase;
			buildActionMask = 2147483647;
			files = (
				AD7E3EB5186BBBBB00E47119 /* XCTest.framework in Frameworks */,
				AD7E3EB7186BBBBB00E47119 /* UIKit.framework in Frameworks */,
				AD7E3EB6186BBBBB00E47119 /* Foundation.framework in Frameworks */,
			);
			runOnlyForDeploymentPostprocessing = 0;
		};
/* End PBXFrameworksBuildPhase section */

/* Begin PBXGroup section */
		AD7E3E86186BBBBB00E47119 = {
			isa = PBXGroup;
			children = (
				AD7E3E98186BBBBB00E47119 /* IOKitTest */,
				AD7E3EBA186BBBBB00E47119 /* IOKitTestTests */,
				AD7E3E91186BBBBB00E47119 /* Frameworks */,
				AD7E3E90186BBBBB00E47119 /* Products */,
			);
			sourceTree = "<group>";
		};
		AD7E3E90186BBBBB00E47119 /* Products */ = {
			isa = PBXGroup;
			children = (
				AD7E3E8F186BBBBB00E47119 /* IOKitBrowser.app */,
				AD7E3EB3186BBBBB00E47119 /* IOKitBrowserTests.xctest */,
			);
			name = Products;
			sourceTree = "<group>";
		};
		AD7E3E91186BBBBB00E47119 /* Frameworks */ = {
			isa = PBXGroup;
			children = (
				AD7E3ECF186BBDCA00E47119 /* IOKit.framework */,
				AD7E3E92186BBBBB00E47119 /* Foundation.framework */,
				AD7E3E94186BBBBB00E47119 /* CoreGraphics.framework */,
				AD7E3E96186BBBBB00E47119 /* UIKit.framework */,
				AD7E3EB4186BBBBB00E47119 /* XCTest.framework */,
			);
			name = Frameworks;
			sourceTree = "<group>";
		};
		AD7E3E98186BBBBB00E47119 /* IOKitTest */ = {
			isa = PBXGroup;
			children = (
				AD7E3EA1186BBBBB00E47119 /* ELLAppDelegate.h */,
				AD7E3EA2186BBBBB00E47119 /* ELLAppDelegate.m */,
				AD7E3EA4186BBBBB00E47119 /* Main_iPhone.storyboard */,
				AD7E3EA7186BBBBB00E47119 /* Main_iPad.storyboard */,
				AD7E3EAA186BBBBB00E47119 /* ELLViewController.h */,
				AD7E3EAB186BBBBB00E47119 /* ELLViewController.m */,
				ADDA110518A8D511002E84F9 /* ELLIOKitDumper.h */,
				ADDA110618A8D511002E84F9 /* ELLIOKitDumper.m */,
				AD538624186E4E4F00BC5972 /* ELLIOKitNodeInfo.h */,
				AD538625186E4E4F00BC5972 /* ELLIOKitNodeInfo.m */,
				AD7E3EAD186BBBBB00E47119 /* Images.xcassets */,
				AD7E3E99186BBBBB00E47119 /* Supporting Files */,
			);
			path = IOKitTest;
			sourceTree = "<group>";
		};
		AD7E3E99186BBBBB00E47119 /* Supporting Files */ = {
			isa = PBXGroup;
			children = (
				AD7E3E9A186BBBBB00E47119 /* IOKitBrowser-Info.plist */,
				AD7E3E9B186BBBBB00E47119 /* InfoPlist.strings */,
				AD7E3E9E186BBBBB00E47119 /* main.m */,
				AD7E3EA0186BBBBB00E47119 /* IOKitBrowser-Prefix.pch */,
			);
			name = "Supporting Files";
			sourceTree = "<group>";
		};
		AD7E3EBA186BBBBB00E47119 /* IOKitTestTests */ = {
			isa = PBXGroup;
			children = (
				AD7E3EC0186BBBBB00E47119 /* IOKitTestTests.m */,
				AD7E3EBB186BBBBB00E47119 /* Supporting Files */,
			);
			path = IOKitTestTests;
			sourceTree = "<group>";
		};
		AD7E3EBB186BBBBB00E47119 /* Supporting Files */ = {
			isa = PBXGroup;
			children = (
				AD7E3EBC186BBBBB00E47119 /* IOKitBrowserTests-Info.plist */,
				AD7E3EBD186BBBBB00E47119 /* InfoPlist.strings */,
			);
			name = "Supporting Files";
			sourceTree = "<group>";
		};
/* End PBXGroup section */

/* Begin PBXNativeTarget section */
		AD7E3E8E186BBBBB00E47119 /* IOKitBrowser */ = {
			isa = PBXNativeTarget;
			buildConfigurationList = AD7E3EC4186BBBBB00E47119 /* Build configuration list for PBXNativeTarget "IOKitBrowser" */;
			buildPhases = (
				AD7E3E8B186BBBBB00E47119 /* Sources */,
				AD7E3E8C186BBBBB00E47119 /* Frameworks */,
				AD7E3E8D186BBBBB00E47119 /* Resources */,
				34008090A8A94093980B6DA7 /* icon versioning */,
			);
			buildRules = (
			);
			dependencies = (
			);
			name = IOKitBrowser;
			productName = IOKitTest;
			productReference = AD7E3E8F186BBBBB00E47119 /* IOKitBrowser.app */;
			productType = "com.apple.product-type.application";
		};
		AD7E3EB2186BBBBB00E47119 /* IOKitBrowserTests */ = {
			isa = PBXNativeTarget;
			buildConfigurationList = AD7E3EC7186BBBBB00E47119 /* Build configuration list for PBXNativeTarget "IOKitBrowserTests" */;
			buildPhases = (
				AD7E3EAF186BBBBB00E47119 /* Sources */,
				AD7E3EB0186BBBBB00E47119 /* Frameworks */,
				AD7E3EB1186BBBBB00E47119 /* Resources */,
			);
			buildRules = (
			);
			dependencies = (
				AD7E3EB9186BBBBB00E47119 /* PBXTargetDependency */,
			);
			name = IOKitBrowserTests;
			productName = IOKitTestTests;
			productReference = AD7E3EB3186BBBBB00E47119 /* IOKitBrowserTests.xctest */;
			productType = "com.apple.product-type.bundle.unit-test";
		};
/* End PBXNativeTarget section */

/* Begin PBXProject section */
		AD7E3E87186BBBBB00E47119 /* Project object */ = {
			isa = PBXProject;
			attributes = {
				CLASSPREFIX = ELL;
				LastUpgradeCheck = 0500;
				ORGANIZATIONNAME = "Electric Labs";
				TargetAttributes = {
					AD7E3EB2186BBBBB00E47119 = {
						TestTargetID = AD7E3E8E186BBBBB00E47119;
					};
				};
			};
			buildConfigurationList = AD7E3E8A186BBBBB00E47119 /* Build configuration list for PBXProject "IOKitBrowser" */;
			compatibilityVersion = "Xcode 3.2";
			developmentRegion = English;
			hasScannedForEncodings = 0;
			knownRegions = (
				en,
				Base,
			);
			mainGroup = AD7E3E86186BBBBB00E47119;
			productRefGroup = AD7E3E90186BBBBB00E47119 /* Products */;
			projectDirPath = "";
			projectRoot = "";
			targets = (
				AD7E3E8E186BBBBB00E47119 /* IOKitBrowser */,
				AD7E3EB2186BBBBB00E47119 /* IOKitBrowserTests */,
			);
		};
/* End PBXProject section */

/* Begin PBXResourcesBuildPhase section */
		AD7E3E8D186BBBBB00E47119 /* Resources */ = {
			isa = PBXResourcesBuildPhase;
			buildActionMask = 2147483647;
			files = (
				AD7E3EA9186BBBBB00E47119 /* Main_iPad.storyboard in Resources */,
				AD7E3EAE186BBBBB00E47119 /* Images.xcassets in Resources */,
				AD7E3EA6186BBBBB00E47119 /* Main_iPhone.storyboard in Resources */,
				AD7E3E9D186BBBBB00E47119 /* InfoPlist.strings in Resources */,
			);
			runOnlyForDeploymentPostprocessing = 0;
		};
		AD7E3EB1186BBBBB00E47119 /* Resources */ = {
			isa = PBXResourcesBuildPhase;
			buildActionMask = 2147483647;
			files = (
				AD7E3EBF186BBBBB00E47119 /* InfoPlist.strings in Resources */,
			);
			runOnlyForDeploymentPostprocessing = 0;
		};
/* End PBXResourcesBuildPhase section */

/* Begin PBXShellScriptBuildPhase section */
		34008090A8A94093980B6DA7 /* icon versioning */ = {
			isa = PBXShellScriptBuildPhase;
			buildActionMask = 2147483647;
			files = (
			);
			inputPaths = (
			);
			name = "icon versioning";
			outputPaths = (
			);
			runOnlyForDeploymentPostprocessing = 0;
			shellPath = /bin/sh;
			shellScript = "\ncommit=`git rev-parse --short HEAD`\nbranch=`git rev-parse --abbrev-ref HEAD`\nversion=`/usr/libexec/PlistBuddy -c \"Print CFBundleVersion\" \"${INFOPLIST_FILE}\"`\n\nfunction processIcon() {\n    export PATH=$PATH:/usr/local/bin\n    base_file=$1\n    base_path=`find ${SRCROOT} -name $base_file`\n\n    if [[ ! -f ${base_path} || -z ${base_path} ]]; then\n        return;\n    fi\n\n    target_file=`echo $base_file | sed \"s/_base//\"`\n    target_path=\"${CONFIGURATION_BUILD_DIR}/${UNLOCALIZED_RESOURCES_FOLDER_PATH}/${target_file}\"\n\n    if [ $CONFIGURATION = \"Release\" ]; then\n    cp ${base_file} $target_path\n    return\n    fi\n\n    width=`identify -format %w ${base_path}`\n\n    convert -background '#0008' -fill white -gravity center -size ${width}x40\\\n    caption:\"${version} ${branch} ${commit}\"\\\n    ${base_path} +swap -gravity south -composite ${target_path}\n}\n\nprocessIcon \"Icon_base.png\"\nprocessIcon \"Icon@2x_base.png\"\nprocessIcon \"Icon-72_base.png\"\nprocessIcon \"Icon-72@2x_base.png\"\n";
		};
/* End PBXShellScriptBuildPhase section */

/* Begin PBXSourcesBuildPhase section */
		AD7E3E8B186BBBBB00E47119 /* Sources */ = {
			isa = PBXSourcesBuildPhase;
			buildActionMask = 2147483647;
			files = (
				AD538626186E4E4F00BC5972 /* ELLIOKitNodeInfo.m in Sources */,
				AD7E3EAC186BBBBB00E47119 /* ELLViewController.m in Sources */,
				AD7E3EA3186BBBBB00E47119 /* ELLAppDelegate.m in Sources */,
				ADDA110718A8D511002E84F9 /* ELLIOKitDumper.m in Sources */,
				AD7E3E9F186BBBBB00E47119 /* main.m in Sources */,
			);
			runOnlyForDeploymentPostprocessing = 0;
		};
		AD7E3EAF186BBBBB00E47119 /* Sources */ = {
			isa = PBXSourcesBuildPhase;
			buildActionMask = 2147483647;
			files = (
				AD7E3EC1186BBBBB00E47119 /* IOKitTestTests.m in Sources */,
			);
			runOnlyForDeploymentPostprocessing = 0;
		};
/* End PBXSourcesBuildPhase section */

/* Begin PBXTargetDependency section */
		AD7E3EB9186BBBBB00E47119 /* PBXTargetDependency */ = {
			isa = PBXTargetDependency;
			target = AD7E3E8E186BBBBB00E47119 /* IOKitBrowser */;
			targetProxy = AD7E3EB8186BBBBB00E47119 /* PBXContainerItemProxy */;
		};
/* End PBXTargetDependency section */

/* Begin PBXVariantGroup section */
		AD7E3E9B186BBBBB00E47119 /* InfoPlist.strings */ = {
			isa = PBXVariantGroup;
			children = (
				AD7E3E9C186BBBBB00E47119 /* en */,
			);
			name = InfoPlist.strings;
			sourceTree = "<group>";
		};
		AD7E3EA4186BBBBB00E47119 /* Main_iPhone.storyboard */ = {
			isa = PBXVariantGroup;
			children = (
				AD7E3EA5186BBBBB00E47119 /* Base */,
			);
			name = Main_iPhone.storyboard;
			sourceTree = "<group>";
		};
		AD7E3EA7186BBBBB00E47119 /* Main_iPad.storyboard */ = {
			isa = PBXVariantGroup;
			children = (
				AD7E3EA8186BBBBB00E47119 /* Base */,
			);
			name = Main_iPad.storyboard;
			sourceTree = "<group>";
		};
		AD7E3EBD186BBBBB00E47119 /* InfoPlist.strings */ = {
			isa = PBXVariantGroup;
			children = (
				AD7E3EBE186BBBBB00E47119 /* en */,
			);
			name = InfoPlist.strings;
			sourceTree = "<group>";
		};
/* End PBXVariantGroup section */

/* Begin XCBuildConfiguration section */
		0AAC631A05DE4B7697873C8E /* profiling */ = {
			isa = XCBuildConfiguration;
			buildSettings = {
				ASSETCATALOG_COMPILER_APPICON_NAME = AppIcon;
				ASSETCATALOG_COMPILER_LAUNCHIMAGE_NAME = LaunchImage;
				GCC_PRECOMPILE_PREFIX_HEADER = YES;
				GCC_PREFIX_HEADER = "IOKitTest/IOKitBrowser-Prefix.pch";
				INFOPLIST_FILE = "IOKitTest/IOKitBrowser-Info.plist";
				PRODUCT_NAME = IOKitBrowser;
				WRAPPER_EXTENSION = app;
			};
			name = profiling;
		};
		131952FD1E734D12BD1AD9A0 /* profiling */ = {
			isa = XCBuildConfiguration;
			buildSettings = {
				ALWAYS_SEARCH_USER_PATHS = NO;
				ARCHS = "$(ARCHS_STANDARD_INCLUDING_64_BIT)";
				CLANG_CXX_LANGUAGE_STANDARD = "gnu++0x";
				CLANG_CXX_LIBRARY = "libc++";
				CLANG_ENABLE_MODULES = YES;
				CLANG_ENABLE_OBJC_ARC = YES;
				CLANG_WARN_BOOL_CONVERSION = YES;
				CLANG_WARN_CONSTANT_CONVERSION = YES;
				CLANG_WARN_DIRECT_OBJC_ISA_USAGE = YES_ERROR;
				CLANG_WARN_EMPTY_BODY = YES;
				CLANG_WARN_ENUM_CONVERSION = YES;
				CLANG_WARN_INT_CONVERSION = YES;
				CLANG_WARN_OBJC_ROOT_CLASS = YES_ERROR;
				CLANG_WARN_SUSPICIOUS_IMPLICIT_CONVERSION = YES;
				CLANG_WARN__DUPLICATE_METHOD_MATCH = YES;
				"CODE_SIGN_IDENTITY[sdk=iphoneos*]" = "iPhone Developer";
				COPY_PHASE_STRIP = NO;
				GCC_C_LANGUAGE_STANDARD = gnu99;
				GCC_DYNAMIC_NO_PIC = NO;
				GCC_OPTIMIZATION_LEVEL = 0;
				GCC_PREPROCESSOR_DEFINITIONS = (
					"DEBUG=1",
					"$(inherited)",
				);
				GCC_SYMBOLS_PRIVATE_EXTERN = NO;
				GCC_TREAT_WARNINGS_AS_ERRORS = YES;
				GCC_WARN_64_TO_32_BIT_CONVERSION = YES;
				GCC_WARN_ABOUT_MISSING_FIELD_INITIALIZERS = YES;
				GCC_WARN_ABOUT_RETURN_TYPE = YES;
				GCC_WARN_CHECK_SWITCH_STATEMENTS = YES;
				GCC_WARN_INITIALIZER_NOT_FULLY_BRACKETED = YES;
				GCC_WARN_MISSING_PARENTHESES = YES;
				GCC_WARN_SHADOW = YES;
				GCC_WARN_SIGN_COMPARE = YES;
				GCC_WARN_TYPECHECK_CALLS_TO_PRINTF = YES;
				GCC_WARN_UNDECLARED_SELECTOR = YES;
				GCC_WARN_UNINITIALIZED_AUTOS = YES;
				GCC_WARN_UNUSED_FUNCTION = YES;
				GCC_WARN_UNUSED_LABEL = YES;
				GCC_WARN_UNUSED_VALUE = YES;
				GCC_WARN_UNUSED_VARIABLE = YES;
				IPHONEOS_DEPLOYMENT_TARGET = 7.0;
				ONLY_ACTIVE_ARCH = YES;
				RUN_CLANG_STATIC_ANALYZER = YES;
				SDKROOT = iphoneos;
				TARGETED_DEVICE_FAMILY = "1,2";
			};
			name = profiling;
		};
		181C7BC432D84E9DA902BDAA /* profiling */ = {
			isa = XCBuildConfiguration;
			buildSettings = {
				ALWAYS_SEARCH_USER_PATHS = NO;
				ARCHS = "$(ARCHS_STANDARD_INCLUDING_64_BIT)";
				CLANG_CXX_LANGUAGE_STANDARD = "gnu++0x";
				CLANG_CXX_LIBRARY = "libc++";
				CLANG_ENABLE_MODULES = YES;
				CLANG_ENABLE_OBJC_ARC = YES;
				CLANG_WARN_BOOL_CONVERSION = YES;
				CLANG_WARN_CONSTANT_CONVERSION = YES;
				CLANG_WARN_DIRECT_OBJC_ISA_USAGE = YES_ERROR;
				CLANG_WARN_EMPTY_BODY = YES;
				CLANG_WARN_ENUM_CONVERSION = YES;
				CLANG_WARN_INT_CONVERSION = YES;
				CLANG_WARN_OBJC_ROOT_CLASS = YES_ERROR;
				CLANG_WARN_SUSPICIOUS_IMPLICIT_CONVERSION = YES;
				CLANG_WARN__DUPLICATE_METHOD_MATCH = YES;
				"CODE_SIGN_IDENTITY[sdk=iphoneos*]" = "iPhone Developer";
				COPY_PHASE_STRIP = NO;
				GCC_C_LANGUAGE_STANDARD = gnu99;
				GCC_DYNAMIC_NO_PIC = NO;
				GCC_OPTIMIZATION_LEVEL = 0;
				GCC_PREPROCESSOR_DEFINITIONS = (
					"DEBUG=1",
					"$(inherited)",
				);
				GCC_SYMBOLS_PRIVATE_EXTERN = NO;
				GCC_TREAT_WARNINGS_AS_ERRORS = YES;
				GCC_WARN_64_TO_32_BIT_CONVERSION = YES;
				GCC_WARN_ABOUT_MISSING_FIELD_INITIALIZERS = YES;
				GCC_WARN_ABOUT_RETURN_TYPE = YES;
				GCC_WARN_CHECK_SWITCH_STATEMENTS = YES;
				GCC_WARN_INITIALIZER_NOT_FULLY_BRACKETED = YES;
				GCC_WARN_MISSING_PARENTHESES = YES;
				GCC_WARN_SHADOW = YES;
				GCC_WARN_SIGN_COMPARE = YES;
				GCC_WARN_TYPECHECK_CALLS_TO_PRINTF = YES;
				GCC_WARN_UNDECLARED_SELECTOR = YES;
				GCC_WARN_UNINITIALIZED_AUTOS = YES;
				GCC_WARN_UNUSED_FUNCTION = YES;
				GCC_WARN_UNUSED_LABEL = YES;
				GCC_WARN_UNUSED_VALUE = YES;
				GCC_WARN_UNUSED_VARIABLE = YES;
				IPHONEOS_DEPLOYMENT_TARGET = 7.0;
				ONLY_ACTIVE_ARCH = YES;
				RUN_CLANG_STATIC_ANALYZER = YES;
				SDKROOT = iphoneos;
				TARGETED_DEVICE_FAMILY = "1,2";
			};
			name = profiling;
		};
		250897B0EE294EA7AD797C9D /* adhoc */ = {
			isa = XCBuildConfiguration;
			buildSettings = {
				ARCHS = "$(ARCHS_STANDARD_INCLUDING_64_BIT)";
				BUNDLE_LOADER = "$(BUILT_PRODUCTS_DIR)/IOKitTest.app/IOKitTest";
				FRAMEWORK_SEARCH_PATHS = (
					"$(SDKROOT)/Developer/Library/Frameworks",
					"$(inherited)",
					"$(DEVELOPER_FRAMEWORKS_DIR)",
				);
				GCC_PRECOMPILE_PREFIX_HEADER = YES;
				GCC_PREFIX_HEADER = "IOKitTest/IOKitTest-Prefix.pch";
				GCC_PREPROCESSOR_DEFINITIONS = (
					"DEBUG=1",
					"$(inherited)",
				);
				INFOPLIST_FILE = "IOKitTestTests/IOKitBrowserTests-Info.plist";
				PRODUCT_NAME = IOKitBrowserTests;
				TEST_HOST = "$(BUNDLE_LOADER)";
				WRAPPER_EXTENSION = xctest;
			};
			name = adhoc;
		};
		254D11163F85421D922EA685 /* adhoc */ = {
			isa = XCBuildConfiguration;
			buildSettings = {
				ASSETCATALOG_COMPILER_APPICON_NAME = AppIcon;
				ASSETCATALOG_COMPILER_LAUNCHIMAGE_NAME = LaunchImage;
				GCC_PRECOMPILE_PREFIX_HEADER = YES;
				GCC_PREFIX_HEADER = "IOKitTest/IOKitBrowser-Prefix.pch";
				INFOPLIST_FILE = "IOKitTest/IOKitBrowser-Info.plist";
				PRODUCT_NAME = IOKitBrowser;
				WRAPPER_EXTENSION = app;
			};
			name = adhoc;
		};
		A230520F0D10488D815CA69C /* adhoc */ = {
			isa = XCBuildConfiguration;
			buildSettings = {
				ALWAYS_SEARCH_USER_PATHS = NO;
				ARCHS = "$(ARCHS_STANDARD_INCLUDING_64_BIT)";
				CLANG_CXX_LANGUAGE_STANDARD = "gnu++0x";
				CLANG_CXX_LIBRARY = "libc++";
				CLANG_ENABLE_MODULES = YES;
				CLANG_ENABLE_OBJC_ARC = YES;
				CLANG_WARN_BOOL_CONVERSION = YES;
				CLANG_WARN_CONSTANT_CONVERSION = YES;
				CLANG_WARN_DIRECT_OBJC_ISA_USAGE = YES_ERROR;
				CLANG_WARN_EMPTY_BODY = YES;
				CLANG_WARN_ENUM_CONVERSION = YES;
				CLANG_WARN_INT_CONVERSION = YES;
				CLANG_WARN_OBJC_ROOT_CLASS = YES_ERROR;
				CLANG_WARN_SUSPICIOUS_IMPLICIT_CONVERSION = YES;
				CLANG_WARN__DUPLICATE_METHOD_MATCH = YES;
				"CODE_SIGN_IDENTITY[sdk=iphoneos*]" = "iPhone Developer";
				COPY_PHASE_STRIP = NO;
				GCC_C_LANGUAGE_STANDARD = gnu99;
				GCC_DYNAMIC_NO_PIC = NO;
				GCC_OPTIMIZATION_LEVEL = 0;
				GCC_PREPROCESSOR_DEFINITIONS = (
					"DEBUG=1",
					"$(inherited)",
				);
				GCC_SYMBOLS_PRIVATE_EXTERN = NO;
				GCC_TREAT_WARNINGS_AS_ERRORS = YES;
				GCC_WARN_64_TO_32_BIT_CONVERSION = YES;
				GCC_WARN_ABOUT_MISSING_FIELD_INITIALIZERS = YES;
				GCC_WARN_ABOUT_RETURN_TYPE = YES;
				GCC_WARN_CHECK_SWITCH_STATEMENTS = YES;
				GCC_WARN_INITIALIZER_NOT_FULLY_BRACKETED = YES;
				GCC_WARN_MISSING_PARENTHESES = YES;
				GCC_WARN_SHADOW = YES;
				GCC_WARN_SIGN_COMPARE = YES;
				GCC_WARN_TYPECHECK_CALLS_TO_PRINTF = YES;
				GCC_WARN_UNDECLARED_SELECTOR = YES;
				GCC_WARN_UNINITIALIZED_AUTOS = YES;
				GCC_WARN_UNUSED_FUNCTION = YES;
				GCC_WARN_UNUSED_LABEL = YES;
				GCC_WARN_UNUSED_VALUE = YES;
				GCC_WARN_UNUSED_VARIABLE = YES;
				IPHONEOS_DEPLOYMENT_TARGET = 7.0;
				ONLY_ACTIVE_ARCH = YES;
				RUN_CLANG_STATIC_ANALYZER = YES;
				SDKROOT = iphoneos;
				TARGETED_DEVICE_FAMILY = "1,2";
			};
			name = adhoc;
		};
		AD7E3EC2186BBBBB00E47119 /* Debug */ = {
			isa = XCBuildConfiguration;
			buildSettings = {
				ALWAYS_SEARCH_USER_PATHS = NO;
				ARCHS = "$(ARCHS_STANDARD_INCLUDING_64_BIT)";
				CLANG_CXX_LANGUAGE_STANDARD = "gnu++0x";
				CLANG_CXX_LIBRARY = "libc++";
				CLANG_ENABLE_MODULES = YES;
				CLANG_ENABLE_OBJC_ARC = YES;
				CLANG_WARN_BOOL_CONVERSION = YES;
				CLANG_WARN_CONSTANT_CONVERSION = YES;
				CLANG_WARN_DIRECT_OBJC_ISA_USAGE = YES_ERROR;
				CLANG_WARN_EMPTY_BODY = YES;
				CLANG_WARN_ENUM_CONVERSION = YES;
				CLANG_WARN_INT_CONVERSION = YES;
				CLANG_WARN_OBJC_ROOT_CLASS = YES_ERROR;
				CLANG_WARN_SUSPICIOUS_IMPLICIT_CONVERSION = YES;
				CLANG_WARN__DUPLICATE_METHOD_MATCH = YES;
				"CODE_SIGN_IDENTITY[sdk=iphoneos*]" = "iPhone Developer";
				COPY_PHASE_STRIP = NO;
				GCC_C_LANGUAGE_STANDARD = gnu99;
				GCC_DYNAMIC_NO_PIC = NO;
				GCC_OPTIMIZATION_LEVEL = 0;
				GCC_PREPROCESSOR_DEFINITIONS = (
					"DEBUG=1",
					"$(inherited)",
				);
				GCC_SYMBOLS_PRIVATE_EXTERN = NO;
				GCC_TREAT_WARNINGS_AS_ERRORS = YES;
				GCC_WARN_64_TO_32_BIT_CONVERSION = YES;
				GCC_WARN_ABOUT_MISSING_FIELD_INITIALIZERS = YES;
				GCC_WARN_ABOUT_RETURN_TYPE = YES;
				GCC_WARN_CHECK_SWITCH_STATEMENTS = YES;
				GCC_WARN_INITIALIZER_NOT_FULLY_BRACKETED = YES;
				GCC_WARN_MISSING_PARENTHESES = YES;
				GCC_WARN_SHADOW = YES;
				GCC_WARN_SIGN_COMPARE = YES;
				GCC_WARN_TYPECHECK_CALLS_TO_PRINTF = YES;
				GCC_WARN_UNDECLARED_SELECTOR = YES;
				GCC_WARN_UNINITIALIZED_AUTOS = YES;
				GCC_WARN_UNUSED_FUNCTION = YES;
				GCC_WARN_UNUSED_LABEL = YES;
				GCC_WARN_UNUSED_VALUE = YES;
				GCC_WARN_UNUSED_VARIABLE = YES;
				IPHONEOS_DEPLOYMENT_TARGET = 7.0;
				ONLY_ACTIVE_ARCH = YES;
				RUN_CLANG_STATIC_ANALYZER = YES;
				SDKROOT = iphoneos;
				TARGETED_DEVICE_FAMILY = "1,2";
			};
			name = Debug;
		};
		AD7E3EC3186BBBBB00E47119 /* Release */ = {
			isa = XCBuildConfiguration;
			buildSettings = {
				ALWAYS_SEARCH_USER_PATHS = NO;
				ARCHS = "$(ARCHS_STANDARD_INCLUDING_64_BIT)";
				CLANG_CXX_LANGUAGE_STANDARD = "gnu++0x";
				CLANG_CXX_LIBRARY = "libc++";
				CLANG_ENABLE_MODULES = YES;
				CLANG_ENABLE_OBJC_ARC = YES;
				CLANG_WARN_BOOL_CONVERSION = YES;
				CLANG_WARN_CONSTANT_CONVERSION = YES;
				CLANG_WARN_DIRECT_OBJC_ISA_USAGE = YES_ERROR;
				CLANG_WARN_EMPTY_BODY = YES;
				CLANG_WARN_ENUM_CONVERSION = YES;
				CLANG_WARN_INT_CONVERSION = YES;
				CLANG_WARN_OBJC_ROOT_CLASS = YES_ERROR;
				CLANG_WARN_SUSPICIOUS_IMPLICIT_CONVERSION = YES;
				CLANG_WARN__DUPLICATE_METHOD_MATCH = YES;
				"CODE_SIGN_IDENTITY[sdk=iphoneos*]" = "iPhone Developer";
				COPY_PHASE_STRIP = YES;
				ENABLE_NS_ASSERTIONS = NO;
				GCC_C_LANGUAGE_STANDARD = gnu99;
				GCC_TREAT_WARNINGS_AS_ERRORS = YES;
				GCC_WARN_64_TO_32_BIT_CONVERSION = YES;
				GCC_WARN_ABOUT_MISSING_FIELD_INITIALIZERS = YES;
				GCC_WARN_ABOUT_RETURN_TYPE = YES;
				GCC_WARN_CHECK_SWITCH_STATEMENTS = YES;
				GCC_WARN_INITIALIZER_NOT_FULLY_BRACKETED = YES;
				GCC_WARN_MISSING_PARENTHESES = YES;
				GCC_WARN_SHADOW = YES;
				GCC_WARN_SIGN_COMPARE = YES;
				GCC_WARN_TYPECHECK_CALLS_TO_PRINTF = YES;
				GCC_WARN_UNDECLARED_SELECTOR = YES;
				GCC_WARN_UNINITIALIZED_AUTOS = YES;
				GCC_WARN_UNUSED_FUNCTION = YES;
				GCC_WARN_UNUSED_LABEL = YES;
				GCC_WARN_UNUSED_VALUE = YES;
				GCC_WARN_UNUSED_VARIABLE = YES;
				IPHONEOS_DEPLOYMENT_TARGET = 7.0;
				RUN_CLANG_STATIC_ANALYZER = YES;
				SDKROOT = iphoneos;
				TARGETED_DEVICE_FAMILY = "1,2";
				VALIDATE_PRODUCT = YES;
			};
			name = Release;
		};
		AD7E3EC5186BBBBB00E47119 /* Debug */ = {
			isa = XCBuildConfiguration;
			buildSettings = {
				ASSETCATALOG_COMPILER_APPICON_NAME = AppIcon;
				ASSETCATALOG_COMPILER_LAUNCHIMAGE_NAME = LaunchImage;
				GCC_PRECOMPILE_PREFIX_HEADER = YES;
				GCC_PREFIX_HEADER = "IOKitTest/IOKitBrowser-Prefix.pch";
				INFOPLIST_FILE = "IOKitTest/IOKitBrowser-Info.plist";
				PRODUCT_NAME = IOKitBrowser;
				WRAPPER_EXTENSION = app;
			};
			name = Debug;
		};
		AD7E3EC6186BBBBB00E47119 /* Release */ = {
			isa = XCBuildConfiguration;
			buildSettings = {
				ASSETCATALOG_COMPILER_APPICON_NAME = AppIcon;
				ASSETCATALOG_COMPILER_LAUNCHIMAGE_NAME = LaunchImage;
				GCC_PRECOMPILE_PREFIX_HEADER = YES;
				GCC_PREFIX_HEADER = "IOKitTest/IOKitBrowser-Prefix.pch";
				INFOPLIST_FILE = "IOKitTest/IOKitBrowser-Info.plist";
				PRODUCT_NAME = IOKitBrowser;
				WRAPPER_EXTENSION = app;
			};
			name = Release;
		};
		AD7E3EC8186BBBBB00E47119 /* Debug */ = {
			isa = XCBuildConfiguration;
			buildSettings = {
				ARCHS = "$(ARCHS_STANDARD_INCLUDING_64_BIT)";
				BUNDLE_LOADER = "$(BUILT_PRODUCTS_DIR)/IOKitTest.app/IOKitTest";
				FRAMEWORK_SEARCH_PATHS = (
					"$(SDKROOT)/Developer/Library/Frameworks",
					"$(inherited)",
					"$(DEVELOPER_FRAMEWORKS_DIR)",
				);
				GCC_PRECOMPILE_PREFIX_HEADER = YES;
				GCC_PREFIX_HEADER = "IOKitTest/IOKitTest-Prefix.pch";
				GCC_PREPROCESSOR_DEFINITIONS = (
					"DEBUG=1",
					"$(inherited)",
				);
				INFOPLIST_FILE = "IOKitTestTests/IOKitBrowserTests-Info.plist";
				PRODUCT_NAME = IOKitBrowserTests;
				TEST_HOST = "$(BUNDLE_LOADER)";
				WRAPPER_EXTENSION = xctest;
			};
			name = Debug;
		};
		AD7E3EC9186BBBBB00E47119 /* Release */ = {
			isa = XCBuildConfiguration;
			buildSettings = {
				ARCHS = "$(ARCHS_STANDARD_INCLUDING_64_BIT)";
				BUNDLE_LOADER = "$(BUILT_PRODUCTS_DIR)/IOKitTest.app/IOKitTest";
				FRAMEWORK_SEARCH_PATHS = (
					"$(SDKROOT)/Developer/Library/Frameworks",
					"$(inherited)",
					"$(DEVELOPER_FRAMEWORKS_DIR)",
				);
				GCC_PRECOMPILE_PREFIX_HEADER = YES;
				GCC_PREFIX_HEADER = "IOKitTest/IOKitTest-Prefix.pch";
				INFOPLIST_FILE = "IOKitTestTests/IOKitBrowserTests-Info.plist";
				PRODUCT_NAME = IOKitBrowserTests;
				TEST_HOST = "$(BUNDLE_LOADER)";
				WRAPPER_EXTENSION = xctest;
			};
			name = Release;
		};
		BE2506C58BAC468A9047E9A6 /* profiling */ = {
			isa = XCBuildConfiguration;
			buildSettings = {
				ARCHS = "$(ARCHS_STANDARD_INCLUDING_64_BIT)";
				BUNDLE_LOADER = "$(BUILT_PRODUCTS_DIR)/IOKitTest.app/IOKitTest";
				FRAMEWORK_SEARCH_PATHS = (
					"$(SDKROOT)/Developer/Library/Frameworks",
					"$(inherited)",
					"$(DEVELOPER_FRAMEWORKS_DIR)",
				);
				GCC_PRECOMPILE_PREFIX_HEADER = YES;
				GCC_PREFIX_HEADER = "IOKitTest/IOKitTest-Prefix.pch";
				GCC_PREPROCESSOR_DEFINITIONS = (
					"DEBUG=1",
					"$(inherited)",
				);
				INFOPLIST_FILE = "IOKitTestTests/IOKitBrowserTests-Info.plist";
				PRODUCT_NAME = IOKitBrowserTests;
				TEST_HOST = "$(BUNDLE_LOADER)";
				WRAPPER_EXTENSION = xctest;
			};
			name = profiling;
		};
		DAE539FBEE7A4889B8EAD138 /* adhoc */ = {
			isa = XCBuildConfiguration;
			buildSettings = {
				ALWAYS_SEARCH_USER_PATHS = NO;
				ARCHS = "$(ARCHS_STANDARD_INCLUDING_64_BIT)";
				CLANG_CXX_LANGUAGE_STANDARD = "gnu++0x";
				CLANG_CXX_LIBRARY = "libc++";
				CLANG_ENABLE_MODULES = YES;
				CLANG_ENABLE_OBJC_ARC = YES;
				CLANG_WARN_BOOL_CONVERSION = YES;
				CLANG_WARN_CONSTANT_CONVERSION = YES;
				CLANG_WARN_DIRECT_OBJC_ISA_USAGE = YES_ERROR;
				CLANG_WARN_EMPTY_BODY = YES;
				CLANG_WARN_ENUM_CONVERSION = YES;
				CLANG_WARN_INT_CONVERSION = YES;
				CLANG_WARN_OBJC_ROOT_CLASS = YES_ERROR;
				CLANG_WARN_SUSPICIOUS_IMPLICIT_CONVERSION = YES;
				CLANG_WARN__DUPLICATE_METHOD_MATCH = YES;
				"CODE_SIGN_IDENTITY[sdk=iphoneos*]" = "iPhone Developer";
				COPY_PHASE_STRIP = NO;
				GCC_C_LANGUAGE_STANDARD = gnu99;
				GCC_DYNAMIC_NO_PIC = NO;
				GCC_OPTIMIZATION_LEVEL = 0;
				GCC_PREPROCESSOR_DEFINITIONS = (
					"DEBUG=1",
					"$(inherited)",
				);
				GCC_SYMBOLS_PRIVATE_EXTERN = NO;
				GCC_TREAT_WARNINGS_AS_ERRORS = YES;
				GCC_WARN_64_TO_32_BIT_CONVERSION = YES;
				GCC_WARN_ABOUT_MISSING_FIELD_INITIALIZERS = YES;
				GCC_WARN_ABOUT_RETURN_TYPE = YES;
				GCC_WARN_CHECK_SWITCH_STATEMENTS = YES;
				GCC_WARN_INITIALIZER_NOT_FULLY_BRACKETED = YES;
				GCC_WARN_MISSING_PARENTHESES = YES;
				GCC_WARN_SHADOW = YES;
				GCC_WARN_SIGN_COMPARE = YES;
				GCC_WARN_TYPECHECK_CALLS_TO_PRINTF = YES;
				GCC_WARN_UNDECLARED_SELECTOR = YES;
				GCC_WARN_UNINITIALIZED_AUTOS = YES;
				GCC_WARN_UNUSED_FUNCTION = YES;
				GCC_WARN_UNUSED_LABEL = YES;
				GCC_WARN_UNUSED_VALUE = YES;
				GCC_WARN_UNUSED_VARIABLE = YES;
				IPHONEOS_DEPLOYMENT_TARGET = 7.0;
				ONLY_ACTIVE_ARCH = YES;
				RUN_CLANG_STATIC_ANALYZER = YES;
				SDKROOT = iphoneos;
				TARGETED_DEVICE_FAMILY = "1,2";
			};
			name = adhoc;
		};
/* End XCBuildConfiguration section */

/* Begin XCConfigurationList section */
		AD7E3E8A186BBBBB00E47119 /* Build configuration list for PBXProject "IOKitBrowser" */ = {
			isa = XCConfigurationList;
			buildConfigurations = (
				AD7E3EC2186BBBBB00E47119 /* Debug */,
				AD7E3EC3186BBBBB00E47119 /* Release */,
				A230520F0D10488D815CA69C /* adhoc */,
				DAE539FBEE7A4889B8EAD138 /* adhoc */,
				131952FD1E734D12BD1AD9A0 /* profiling */,
				181C7BC432D84E9DA902BDAA /* profiling */,
			);
			defaultConfigurationIsVisible = 0;
			defaultConfigurationName = Release;
		};
		AD7E3EC4186BBBBB00E47119 /* Build configuration list for PBXNativeTarget "IOKitBrowser" */ = {
			isa = XCConfigurationList;
			buildConfigurations = (
				AD7E3EC5186BBBBB00E47119 /* Debug */,
				AD7E3EC6186BBBBB00E47119 /* Release */,
				254D11163F85421D922EA685 /* adhoc */,
				0AAC631A05DE4B7697873C8E /* profiling */,
			);
			defaultConfigurationIsVisible = 0;
			defaultConfigurationName = Release;
		};
		AD7E3EC7186BBBBB00E47119 /* Build configuration list for PBXNativeTarget "IOKitBrowserTests" */ = {
			isa = XCConfigurationList;
			buildConfigurations = (
				AD7E3EC8186BBBBB00E47119 /* Debug */,
				AD7E3EC9186BBBBB00E47119 /* Release */,
				250897B0EE294EA7AD797C9D /* adhoc */,
				BE2506C58BAC468A9047E9A6 /* profiling */,
			);
			defaultConfigurationIsVisible = 0;
			defaultConfigurationName = Release;
		};
/* End XCConfigurationList section */
	};
	rootObject = AD7E3E87186BBBBB00E47119 /* Project object */;
}
